
Microsoft Visual Studio Solution File, Format Version 12.00
# Visual Studio 2013
VisualStudioVersion = 12.0.21005.1
MinimumVisualStudioVersion = 10.0.40219.1
Project("{FAE04EC0-301F-11D3-BF4B-00C04F79EFBC}") = "EFInsight.Models", "EFInsight.Models\EFInsight.Models.csproj", "{5380B47C-B2FB-4EDB-9147-A962020655E5}"
EndProject
Project("{FAE04EC0-301F-11D3-BF4B-00C04F79EFBC}") = "EFInsight", "EFInsight\EFInsight.csproj", "{E83A8CB5-88A3-438E-A7FF-15423BD6E67E}"
EndProject
Global
	GlobalSection(SolutionConfigurationPlatforms) = preSolution
		Debug|Any CPU = Debug|Any CPU
		Release|Any CPU = Release|Any CPU
	EndGlobalSection
	GlobalSection(ProjectConfigurationPlatforms) = postSolution
		{5380B47C-B2FB-4EDB-9147-A962020655E5}.Debug|Any CPU.ActiveCfg = Debug|Any CPU
		{5380B47C-B2FB-4EDB-9147-A962020655E5}.Debug|Any CPU.Build.0 = Debug|Any CPU
		{5380B47C-B2FB-4EDB-9147-A962020655E5}.Release|Any CPU.ActiveCfg = Release|Any CPU
		{5380B47C-B2FB-4EDB-9147-A962020655E5}.Release|Any CPU.Build.0 = Release|Any CPU
		{E83A8CB5-88A3-438E-A7FF-15423BD6E67E}.Debug|Any CPU.ActiveCfg = Debug|Any CPU
		{E83A8CB5-88A3-438E-A7FF-15423BD6E67E}.Debug|Any CPU.Build.0 = Debug|Any CPU
		{E83A8CB5-88A3-438E-A7FF-15423BD6E67E}.Release|Any CPU.ActiveCfg = Release|Any CPU
		{E83A8CB5-88A3-438E-A7FF-15423BD6E67E}.Release|Any CPU.Build.0 = Release|Any CPU
	EndGlobalSection
	GlobalSection(SolutionProperties) = preSolution
		HideSolutionNode = FALSE
	EndGlobalSection
EndGlobal
